{
  "requires": true,
  "lockfileVersion": 1,
  "dependencies": {
    "primevue": {
      "version": "3.50.0",
      "resolved": "https://registry.npmjs.org/primevue/-/primevue-3.50.0.tgz",
      "integrity": "sha512-vYpQzvIXSmF0hWUkviHEGnwbFY/G8jI2RSxoa75noJloI2rWhzOX+JarJ8iaesVOr7b2se31N/p7zOx6uh3ddQ=="
    }
  }
}
